
Microsoft Visual Studio Solution File, Format Version 12.00
# Visual Studio Version 17
VisualStudioVersion = 17.6.33815.320
MinimumVisualStudioVersion = 10.0.40219.1
Project("{FAE04EC0-301F-11D3-BF4B-00C04F79EFBC}") = "10-part-2", "10-part-2.csproj", "{DDAC6393-3A04-4660-933C-DCE1E5AE18FA}"
EndProject
Global
	GlobalSection(SolutionConfigurationPlatforms) = preSolution
		Debug|Any CPU = Debug|Any CPU
		Release|Any CPU = Release|Any CPU
	EndGlobalSection
	GlobalSection(ProjectConfigurationPlatforms) = postSolution
		{DDAC6393-3A04-4660-933C-DCE1E5AE18FA}.Debug|Any CPU.ActiveCfg = Debug|Any CPU
		{DDAC6393-3A04-4660-933C-DCE1E5AE18FA}.Debug|Any CPU.Build.0 = Debug|Any CPU
		{DDAC6393-3A04-4660-933C-DCE1E5AE18FA}.Release|Any CPU.ActiveCfg = Release|Any CPU
		{DDAC6393-3A04-4660-933C-DCE1E5AE18FA}.Release|Any CPU.Build.0 = Release|Any CPU
	EndGlobalSection
	GlobalSection(SolutionProperties) = preSolution
		HideSolutionNode = FALSE
	EndGlobalSection
	GlobalSection(ExtensibilityGlobals) = postSolution
		SolutionGuid = {692D5B37-F62C-4DE8-B458-AE4FB2F5AAC2}
	EndGlobalSection
EndGlobal
