
Microsoft Visual Studio Solution File, Format Version 12.00
# Visual Studio Version 17
VisualStudioVersion = 17.6.33815.320
MinimumVisualStudioVersion = 10.0.40219.1
Project("{FAE04EC0-301F-11D3-BF4B-00C04F79EFBC}") = "10-part-1", "10-part-1.csproj", "{C9BE0907-1F0A-49AE-9965-55D284AD8337}"
EndProject
Global
	GlobalSection(SolutionConfigurationPlatforms) = preSolution
		Debug|Any CPU = Debug|Any CPU
		Release|Any CPU = Release|Any CPU
	EndGlobalSection
	GlobalSection(ProjectConfigurationPlatforms) = postSolution
		{C9BE0907-1F0A-49AE-9965-55D284AD8337}.Debug|Any CPU.ActiveCfg = Debug|Any CPU
		{C9BE0907-1F0A-49AE-9965-55D284AD8337}.Debug|Any CPU.Build.0 = Debug|Any CPU
		{C9BE0907-1F0A-49AE-9965-55D284AD8337}.Release|Any CPU.ActiveCfg = Release|Any CPU
		{C9BE0907-1F0A-49AE-9965-55D284AD8337}.Release|Any CPU.Build.0 = Release|Any CPU
	EndGlobalSection
	GlobalSection(SolutionProperties) = preSolution
		HideSolutionNode = FALSE
	EndGlobalSection
	GlobalSection(ExtensibilityGlobals) = postSolution
		SolutionGuid = {17E94E31-6C59-4F75-9057-61BA0383D43E}
	EndGlobalSection
EndGlobal
